// !$*UTF8*$!
{
	archiveVersion = 1;
	classes = {
	};
	objectVersion = 51;
	objects = {

/* Begin PBXBuildFile section */
		1910AE9E272705BB007F45A3 /* UserSenederID.swift in Sources */ = {isa = PBXBuildFile; fileRef = 1910AE9D272705BB007F45A3 /* UserSenederID.swift */; };
		1919D31E271407FC00C829F8 /* Theme.swift in Sources */ = {isa = PBXBuildFile; fileRef = 1919D31D271407FB00C829F8 /* Theme.swift */; };
		1919D32027140BA100C829F8 /* SettingsViewController.swift in Sources */ = {isa = PBXBuildFile; fileRef = 1919D31F27140BA100C829F8 /* SettingsViewController.swift */; };
		191F771D26F3BC7800A30032 /* AppDelegate.swift in Sources */ = {isa = PBXBuildFile; fileRef = 191F771C26F3BC7800A30032 /* AppDelegate.swift */; };
		191F771F26F3BC7800A30032 /* SceneDelegate.swift in Sources */ = {isa = PBXBuildFile; fileRef = 191F771E26F3BC7800A30032 /* SceneDelegate.swift */; };
		191F772426F3BC7800A30032 /* Main.storyboard in Resources */ = {isa = PBXBuildFile; fileRef = 191F772226F3BC7800A30032 /* Main.storyboard */; };
		191F772626F3BC7A00A30032 /* Assets.xcassets in Resources */ = {isa = PBXBuildFile; fileRef = 191F772526F3BC7A00A30032 /* Assets.xcassets */; };
		191F772926F3BC7A00A30032 /* LaunchScreen.storyboard in Resources */ = {isa = PBXBuildFile; fileRef = 191F772726F3BC7A00A30032 /* LaunchScreen.storyboard */; };
		1921EA782743AF7400EA0B13 /* UserProfileImageManagerProtocol.swift in Sources */ = {isa = PBXBuildFile; fileRef = 1921EA772743AF7400EA0B13 /* UserProfileImageManagerProtocol.swift */; };
		1921EA7A2743B94400EA0B13 /* ChannelCoreDataProtocol.swift in Sources */ = {isa = PBXBuildFile; fileRef = 1921EA792743B94300EA0B13 /* ChannelCoreDataProtocol.swift */; };
		1921EA7C2743BA8800EA0B13 /* MessageCoreDataProtocol.swift in Sources */ = {isa = PBXBuildFile; fileRef = 1921EA7B2743BA8800EA0B13 /* MessageCoreDataProtocol.swift */; };
		1921EA832743EAE500EA0B13 /* ConversationTableView.swift in Sources */ = {isa = PBXBuildFile; fileRef = 1921EA822743EAE500EA0B13 /* ConversationTableView.swift */; };
		1921EA852743ECCF00EA0B13 /* FRCDelegate.swift in Sources */ = {isa = PBXBuildFile; fileRef = 1921EA842743ECCF00EA0B13 /* FRCDelegate.swift */; };
		1921EA882744144C00EA0B13 /* ChannelsManager.swift in Sources */ = {isa = PBXBuildFile; fileRef = 1921EA872744144C00EA0B13 /* ChannelsManager.swift */; };
		19380876271C021A001E3611 /* GCDManager.swift in Sources */ = {isa = PBXBuildFile; fileRef = 19380875271C021A001E3611 /* GCDManager.swift */; };
		19380883271ED046001E3611 /* UserProfileImageManager.swift in Sources */ = {isa = PBXBuildFile; fileRef = 19380882271ED046001E3611 /* UserProfileImageManager.swift */; };
		1938088627212F42001E3611 /* UserProfileManagerProtocol.swift in Sources */ = {isa = PBXBuildFile; fileRef = 1938088527212F42001E3611 /* UserProfileManagerProtocol.swift */; };
		195144252714490800DDE4A1 /* ThemeSettings.swift in Sources */ = {isa = PBXBuildFile; fileRef = 195144242714490800DDE4A1 /* ThemeSettings.swift */; };
		19514427271588FF00DDE4A1 /* ThemeManager.swift in Sources */ = {isa = PBXBuildFile; fileRef = 19514426271588FF00DDE4A1 /* ThemeManager.swift */; };
		1951B362272592D900F01F2D /* ChannelModel.swift in Sources */ = {isa = PBXBuildFile; fileRef = 1951B361272592D900F01F2D /* ChannelModel.swift */; };
		1989E70E2753A9530028A7A5 /* ShakeAnimation.swift in Sources */ = {isa = PBXBuildFile; fileRef = 1989E70D2753A9530028A7A5 /* ShakeAnimation.swift */; };
		198AA0942747A752009ABF58 /* PixabayApiAccesses.swift in Sources */ = {isa = PBXBuildFile; fileRef = 198AA0932747A752009ABF58 /* PixabayApiAccesses.swift */; };
		198AA0972747A9C8009ABF58 /* ImageCollectionViewController.swift in Sources */ = {isa = PBXBuildFile; fileRef = 198AA0962747A9C8009ABF58 /* ImageCollectionViewController.swift */; };
		198AA0992747AAF5009ABF58 /* ImageCollectionView.swift in Sources */ = {isa = PBXBuildFile; fileRef = 198AA0982747AAF5009ABF58 /* ImageCollectionView.swift */; };
		198AA09B2747B28D009ABF58 /* ProfileImageCollectionViewCell.swift in Sources */ = {isa = PBXBuildFile; fileRef = 198AA09A2747B28D009ABF58 /* ProfileImageCollectionViewCell.swift */; };
		198AA0A22748C9FB009ABF58 /* RequestProtocol.swift in Sources */ = {isa = PBXBuildFile; fileRef = 198AA0A12748C9FB009ABF58 /* RequestProtocol.swift */; };
		198AA0A42748CB23009ABF58 /* ImageNetworkManager.swift in Sources */ = {isa = PBXBuildFile; fileRef = 198AA0A32748CB23009ABF58 /* ImageNetworkManager.swift */; };
		198AA0A8274A44C9009ABF58 /* ParserProtocol.swift in Sources */ = {isa = PBXBuildFile; fileRef = 198AA0A7274A44C9009ABF58 /* ParserProtocol.swift */; };
		198AA0AC274A4764009ABF58 /* RequestSenderProtocol.swift in Sources */ = {isa = PBXBuildFile; fileRef = 198AA0AB274A4764009ABF58 /* RequestSenderProtocol.swift */; };
		198AA0AE274A4847009ABF58 /* RequestConfig.swift in Sources */ = {isa = PBXBuildFile; fileRef = 198AA0AD274A4847009ABF58 /* RequestConfig.swift */; };
		198AA0B0274A5657009ABF58 /* RequestFactory.swift in Sources */ = {isa = PBXBuildFile; fileRef = 198AA0AF274A5657009ABF58 /* RequestFactory.swift */; };
		198AA0B2274A56C4009ABF58 /* Parser.swift in Sources */ = {isa = PBXBuildFile; fileRef = 198AA0B1274A56C4009ABF58 /* Parser.swift */; };
		198AA0BA274A94A2009ABF58 /* NetworkImageService.swift in Sources */ = {isa = PBXBuildFile; fileRef = 198AA0B9274A94A2009ABF58 /* NetworkImageService.swift */; };
		198AA0BC274A9AE6009ABF58 /* ImageResponseModel.swift in Sources */ = {isa = PBXBuildFile; fileRef = 198AA0BB274A9AE6009ABF58 /* ImageResponseModel.swift */; };
		1994C02426FF4B7C00E4F6B9 /* ProfileViewController.swift in Sources */ = {isa = PBXBuildFile; fileRef = 1994C02326FF4B7C00E4F6B9 /* ProfileViewController.swift */; };
		1994C02726FFABE800E4F6B9 /* UserProfile.swift in Sources */ = {isa = PBXBuildFile; fileRef = 1994C02626FFABE800E4F6B9 /* UserProfile.swift */; };
		199DC64C273274C9004893D0 /* GoogleService-Info.plist in Resources */ = {isa = PBXBuildFile; fileRef = 199DC64B273274C9004893D0 /* GoogleService-Info.plist */; };
		199DC64E2732D1C2004893D0 /* CoreDataManager.swift in Sources */ = {isa = PBXBuildFile; fileRef = 199DC64D2732D1C2004893D0 /* CoreDataManager.swift */; };
		19DA7C96272D560E007B8570 /* Chat.xcdatamodeld in Sources */ = {isa = PBXBuildFile; fileRef = 19DA7C94272D560E007B8570 /* Chat.xcdatamodeld */; };
		19DA7CA3272D57AA007B8570 /* DBChannel+CoreDataClass.swift in Sources */ = {isa = PBXBuildFile; fileRef = 19DA7C9F272D57AA007B8570 /* DBChannel+CoreDataClass.swift */; };
		19DA7CA4272D57AA007B8570 /* DBChannel+CoreDataProperties.swift in Sources */ = {isa = PBXBuildFile; fileRef = 19DA7CA0272D57AA007B8570 /* DBChannel+CoreDataProperties.swift */; };
		19DA7CA5272D57AA007B8570 /* DBMessage+CoreDataClass.swift in Sources */ = {isa = PBXBuildFile; fileRef = 19DA7CA1272D57AA007B8570 /* DBMessage+CoreDataClass.swift */; };
		19DA7CA6272D57AA007B8570 /* DBMessage+CoreDataProperties.swift in Sources */ = {isa = PBXBuildFile; fileRef = 19DA7CA2272D57AA007B8570 /* DBMessage+CoreDataProperties.swift */; };
		19E673F52744DC4900B1369A /* MessagesManager.swift in Sources */ = {isa = PBXBuildFile; fileRef = 19E673F42744DC4900B1369A /* MessagesManager.swift */; };
		19E978EF270863100077D249 /* ConversationsListViewController.swift in Sources */ = {isa = PBXBuildFile; fileRef = 19E978EE270863100077D249 /* ConversationsListViewController.swift */; };
		19E978F227086D540077D249 /* ConversationTableViewCell.swift in Sources */ = {isa = PBXBuildFile; fileRef = 19E978F027086D540077D249 /* ConversationTableViewCell.swift */; };
		19E978F327086D540077D249 /* ConversationTableViewCell.xib in Resources */ = {isa = PBXBuildFile; fileRef = 19E978F127086D540077D249 /* ConversationTableViewCell.xib */; };
		19E978F527088C8F0077D249 /* ConversationViewController.swift in Sources */ = {isa = PBXBuildFile; fileRef = 19E978F427088C8F0077D249 /* ConversationViewController.swift */; };
		19E978FC2708E81E0077D249 /* MessageModel.swift in Sources */ = {isa = PBXBuildFile; fileRef = 19E978FB2708E81E0077D249 /* MessageModel.swift */; };
		19E97900270B0FD80077D249 /* UserProfileModel.swift in Sources */ = {isa = PBXBuildFile; fileRef = 19E978FF270B0FD80077D249 /* UserProfileModel.swift */; };
		19E97903270C35490077D249 /* MessageTableViewCell.swift in Sources */ = {isa = PBXBuildFile; fileRef = 19E97901270C35490077D249 /* MessageTableViewCell.swift */; };
		19FE2D37275501F9003E04F6 /* SegueAnimations.swift in Sources */ = {isa = PBXBuildFile; fileRef = 19FE2D36275501F9003E04F6 /* SegueAnimations.swift */; };
		19FE2D39275655CD003E04F6 /* ParticleAnimation.swift in Sources */ = {isa = PBXBuildFile; fileRef = 19FE2D38275655CD003E04F6 /* ParticleAnimation.swift */; };
		D258726B2A4E515C076B6BB2 /* Pods_ChatApp.framework in Frameworks */ = {isa = PBXBuildFile; fileRef = 2A603D37C8D148624E07FA1D /* Pods_ChatApp.framework */; };
/* End PBXBuildFile section */

/* Begin PBXFileReference section */
		1910AE9D272705BB007F45A3 /* UserSenederID.swift */ = {isa = PBXFileReference; lastKnownFileType = sourcecode.swift; path = UserSenederID.swift; sourceTree = "<group>"; };
		1919D31D271407FB00C829F8 /* Theme.swift */ = {isa = PBXFileReference; lastKnownFileType = sourcecode.swift; path = Theme.swift; sourceTree = "<group>"; };
		1919D31F27140BA100C829F8 /* SettingsViewController.swift */ = {isa = PBXFileReference; lastKnownFileType = sourcecode.swift; path = SettingsViewController.swift; sourceTree = "<group>"; };
		191F771926F3BC7800A30032 /* ChatApp.app */ = {isa = PBXFileReference; explicitFileType = wrapper.application; includeInIndex = 0; path = ChatApp.app; sourceTree = BUILT_PRODUCTS_DIR; };
		191F771C26F3BC7800A30032 /* AppDelegate.swift */ = {isa = PBXFileReference; lastKnownFileType = sourcecode.swift; path = AppDelegate.swift; sourceTree = "<group>"; };
		191F771E26F3BC7800A30032 /* SceneDelegate.swift */ = {isa = PBXFileReference; lastKnownFileType = sourcecode.swift; path = SceneDelegate.swift; sourceTree = "<group>"; };
		191F772326F3BC7800A30032 /* Base */ = {isa = PBXFileReference; lastKnownFileType = file.storyboard; name = Base; path = Base.lproj/Main.storyboard; sourceTree = "<group>"; };
		191F772526F3BC7A00A30032 /* Assets.xcassets */ = {isa = PBXFileReference; lastKnownFileType = folder.assetcatalog; path = Assets.xcassets; sourceTree = "<group>"; };
		191F772826F3BC7A00A30032 /* Base */ = {isa = PBXFileReference; lastKnownFileType = file.storyboard; name = Base; path = Base.lproj/LaunchScreen.storyboard; sourceTree = "<group>"; };
		191F772A26F3BC7A00A30032 /* Info.plist */ = {isa = PBXFileReference; lastKnownFileType = text.plist.xml; path = Info.plist; sourceTree = "<group>"; };
		1921EA772743AF7400EA0B13 /* UserProfileImageManagerProtocol.swift */ = {isa = PBXFileReference; lastKnownFileType = sourcecode.swift; path = UserProfileImageManagerProtocol.swift; sourceTree = "<group>"; };
		1921EA792743B94300EA0B13 /* ChannelCoreDataProtocol.swift */ = {isa = PBXFileReference; lastKnownFileType = sourcecode.swift; path = ChannelCoreDataProtocol.swift; sourceTree = "<group>"; };
		1921EA7B2743BA8800EA0B13 /* MessageCoreDataProtocol.swift */ = {isa = PBXFileReference; lastKnownFileType = sourcecode.swift; path = MessageCoreDataProtocol.swift; sourceTree = "<group>"; };
		1921EA822743EAE500EA0B13 /* ConversationTableView.swift */ = {isa = PBXFileReference; lastKnownFileType = sourcecode.swift; path = ConversationTableView.swift; sourceTree = "<group>"; };
		1921EA842743ECCF00EA0B13 /* FRCDelegate.swift */ = {isa = PBXFileReference; lastKnownFileType = sourcecode.swift; path = FRCDelegate.swift; sourceTree = "<group>"; };
		1921EA872744144C00EA0B13 /* ChannelsManager.swift */ = {isa = PBXFileReference; lastKnownFileType = sourcecode.swift; path = ChannelsManager.swift; sourceTree = "<group>"; };
		19380875271C021A001E3611 /* GCDManager.swift */ = {isa = PBXFileReference; lastKnownFileType = sourcecode.swift; path = GCDManager.swift; sourceTree = "<group>"; };
		19380882271ED046001E3611 /* UserProfileImageManager.swift */ = {isa = PBXFileReference; lastKnownFileType = sourcecode.swift; path = UserProfileImageManager.swift; sourceTree = "<group>"; };
		1938088527212F42001E3611 /* UserProfileManagerProtocol.swift */ = {isa = PBXFileReference; lastKnownFileType = sourcecode.swift; path = UserProfileManagerProtocol.swift; sourceTree = "<group>"; };
		195144242714490800DDE4A1 /* ThemeSettings.swift */ = {isa = PBXFileReference; lastKnownFileType = sourcecode.swift; path = ThemeSettings.swift; sourceTree = "<group>"; };
		19514426271588FF00DDE4A1 /* ThemeManager.swift */ = {isa = PBXFileReference; lastKnownFileType = sourcecode.swift; path = ThemeManager.swift; sourceTree = "<group>"; };
		1951B361272592D900F01F2D /* ChannelModel.swift */ = {isa = PBXFileReference; lastKnownFileType = sourcecode.swift; path = ChannelModel.swift; sourceTree = "<group>"; };
		1989E70D2753A9530028A7A5 /* ShakeAnimation.swift */ = {isa = PBXFileReference; lastKnownFileType = sourcecode.swift; path = ShakeAnimation.swift; sourceTree = "<group>"; };
		198AA0932747A752009ABF58 /* PixabayApiAccesses.swift */ = {isa = PBXFileReference; lastKnownFileType = sourcecode.swift; path = PixabayApiAccesses.swift; sourceTree = "<group>"; };
		198AA0962747A9C8009ABF58 /* ImageCollectionViewController.swift */ = {isa = PBXFileReference; lastKnownFileType = sourcecode.swift; path = ImageCollectionViewController.swift; sourceTree = "<group>"; };
		198AA0982747AAF5009ABF58 /* ImageCollectionView.swift */ = {isa = PBXFileReference; lastKnownFileType = sourcecode.swift; path = ImageCollectionView.swift; sourceTree = "<group>"; };
		198AA09A2747B28D009ABF58 /* ProfileImageCollectionViewCell.swift */ = {isa = PBXFileReference; lastKnownFileType = sourcecode.swift; path = ProfileImageCollectionViewCell.swift; sourceTree = "<group>"; };
		198AA0A12748C9FB009ABF58 /* RequestProtocol.swift */ = {isa = PBXFileReference; lastKnownFileType = sourcecode.swift; path = RequestProtocol.swift; sourceTree = "<group>"; };
		198AA0A32748CB23009ABF58 /* ImageNetworkManager.swift */ = {isa = PBXFileReference; lastKnownFileType = sourcecode.swift; path = ImageNetworkManager.swift; sourceTree = "<group>"; };
		198AA0A7274A44C9009ABF58 /* ParserProtocol.swift */ = {isa = PBXFileReference; lastKnownFileType = sourcecode.swift; path = ParserProtocol.swift; sourceTree = "<group>"; };
		198AA0AB274A4764009ABF58 /* RequestSenderProtocol.swift */ = {isa = PBXFileReference; lastKnownFileType = sourcecode.swift; path = RequestSenderProtocol.swift; sourceTree = "<group>"; };
		198AA0AD274A4847009ABF58 /* RequestConfig.swift */ = {isa = PBXFileReference; lastKnownFileType = sourcecode.swift; path = RequestConfig.swift; sourceTree = "<group>"; };
		198AA0AF274A5657009ABF58 /* RequestFactory.swift */ = {isa = PBXFileReference; lastKnownFileType = sourcecode.swift; path = RequestFactory.swift; sourceTree = "<group>"; };
		198AA0B1274A56C4009ABF58 /* Parser.swift */ = {isa = PBXFileReference; lastKnownFileType = sourcecode.swift; path = Parser.swift; sourceTree = "<group>"; };
		198AA0B9274A94A2009ABF58 /* NetworkImageService.swift */ = {isa = PBXFileReference; lastKnownFileType = sourcecode.swift; path = NetworkImageService.swift; sourceTree = "<group>"; };
		198AA0BB274A9AE6009ABF58 /* ImageResponseModel.swift */ = {isa = PBXFileReference; lastKnownFileType = sourcecode.swift; path = ImageResponseModel.swift; sourceTree = "<group>"; };
		1994C02326FF4B7C00E4F6B9 /* ProfileViewController.swift */ = {isa = PBXFileReference; lastKnownFileType = sourcecode.swift; path = ProfileViewController.swift; sourceTree = "<group>"; };
		1994C02626FFABE800E4F6B9 /* UserProfile.swift */ = {isa = PBXFileReference; lastKnownFileType = sourcecode.swift; path = UserProfile.swift; sourceTree = "<group>"; };
		199DC64B273274C9004893D0 /* GoogleService-Info.plist */ = {isa = PBXFileReference; fileEncoding = 4; lastKnownFileType = text.plist.xml; path = "GoogleService-Info.plist"; sourceTree = "<group>"; };
		199DC64D2732D1C2004893D0 /* CoreDataManager.swift */ = {isa = PBXFileReference; lastKnownFileType = sourcecode.swift; path = CoreDataManager.swift; sourceTree = "<group>"; };
		19DA7C95272D560E007B8570 /* Chat.xcdatamodel */ = {isa = PBXFileReference; lastKnownFileType = wrapper.xcdatamodel; path = Chat.xcdatamodel; sourceTree = "<group>"; };
		19DA7C9F272D57AA007B8570 /* DBChannel+CoreDataClass.swift */ = {isa = PBXFileReference; lastKnownFileType = sourcecode.swift; path = "DBChannel+CoreDataClass.swift"; sourceTree = SOURCE_ROOT; };
		19DA7CA0272D57AA007B8570 /* DBChannel+CoreDataProperties.swift */ = {isa = PBXFileReference; lastKnownFileType = sourcecode.swift; path = "DBChannel+CoreDataProperties.swift"; sourceTree = SOURCE_ROOT; };
		19DA7CA1272D57AA007B8570 /* DBMessage+CoreDataClass.swift */ = {isa = PBXFileReference; lastKnownFileType = sourcecode.swift; path = "DBMessage+CoreDataClass.swift"; sourceTree = SOURCE_ROOT; };
		19DA7CA2272D57AA007B8570 /* DBMessage+CoreDataProperties.swift */ = {isa = PBXFileReference; lastKnownFileType = sourcecode.swift; path = "DBMessage+CoreDataProperties.swift"; sourceTree = SOURCE_ROOT; };
		19E673F42744DC4900B1369A /* MessagesManager.swift */ = {isa = PBXFileReference; lastKnownFileType = sourcecode.swift; path = MessagesManager.swift; sourceTree = "<group>"; };
		19E978EE270863100077D249 /* ConversationsListViewController.swift */ = {isa = PBXFileReference; lastKnownFileType = sourcecode.swift; path = ConversationsListViewController.swift; sourceTree = "<group>"; };
		19E978F027086D540077D249 /* ConversationTableViewCell.swift */ = {isa = PBXFileReference; lastKnownFileType = sourcecode.swift; path = ConversationTableViewCell.swift; sourceTree = "<group>"; };
		19E978F127086D540077D249 /* ConversationTableViewCell.xib */ = {isa = PBXFileReference; lastKnownFileType = file.xib; path = ConversationTableViewCell.xib; sourceTree = "<group>"; };
		19E978F427088C8F0077D249 /* ConversationViewController.swift */ = {isa = PBXFileReference; lastKnownFileType = sourcecode.swift; path = ConversationViewController.swift; sourceTree = "<group>"; };
		19E978FB2708E81E0077D249 /* MessageModel.swift */ = {isa = PBXFileReference; lastKnownFileType = sourcecode.swift; path = MessageModel.swift; sourceTree = "<group>"; };
		19E978FF270B0FD80077D249 /* UserProfileModel.swift */ = {isa = PBXFileReference; lastKnownFileType = sourcecode.swift; path = UserProfileModel.swift; sourceTree = "<group>"; };
		19E97901270C35490077D249 /* MessageTableViewCell.swift */ = {isa = PBXFileReference; lastKnownFileType = sourcecode.swift; path = MessageTableViewCell.swift; sourceTree = "<group>"; };
		19FE2D36275501F9003E04F6 /* SegueAnimations.swift */ = {isa = PBXFileReference; lastKnownFileType = sourcecode.swift; path = SegueAnimations.swift; sourceTree = "<group>"; };
		19FE2D38275655CD003E04F6 /* ParticleAnimation.swift */ = {isa = PBXFileReference; lastKnownFileType = sourcecode.swift; path = ParticleAnimation.swift; sourceTree = "<group>"; };
		2A603D37C8D148624E07FA1D /* Pods_ChatApp.framework */ = {isa = PBXFileReference; explicitFileType = wrapper.framework; includeInIndex = 0; path = Pods_ChatApp.framework; sourceTree = BUILT_PRODUCTS_DIR; };
		2BAD0F33A7F8D0CF2F24DF4E /* Pods-ChatApp.release.xcconfig */ = {isa = PBXFileReference; includeInIndex = 1; lastKnownFileType = text.xcconfig; name = "Pods-ChatApp.release.xcconfig"; path = "Target Support Files/Pods-ChatApp/Pods-ChatApp.release.xcconfig"; sourceTree = "<group>"; };
		BA5AC61ED8459E8DF6C568F3 /* Pods-ChatApp.debug.xcconfig */ = {isa = PBXFileReference; includeInIndex = 1; lastKnownFileType = text.xcconfig; name = "Pods-ChatApp.debug.xcconfig"; path = "Target Support Files/Pods-ChatApp/Pods-ChatApp.debug.xcconfig"; sourceTree = "<group>"; };
/* End PBXFileReference section */

/* Begin PBXFrameworksBuildPhase section */
		191F771626F3BC7800A30032 /* Frameworks */ = {
			isa = PBXFrameworksBuildPhase;
			buildActionMask = 2147483647;
			files = (
				D258726B2A4E515C076B6BB2 /* Pods_ChatApp.framework in Frameworks */,
			);
			runOnlyForDeploymentPostprocessing = 0;
		};
/* End PBXFrameworksBuildPhase section */

/* Begin PBXGroup section */
		1910AE9C27270576007F45A3 /* Accesses */ = {
			isa = PBXGroup;
			children = (
				1910AE9D272705BB007F45A3 /* UserSenederID.swift */,
				198AA0932747A752009ABF58 /* PixabayApiAccesses.swift */,
			);
			path = Accesses;
			sourceTree = "<group>";
		};
		191F771026F3BC7800A30032 = {
			isa = PBXGroup;
			children = (
				191F771B26F3BC7800A30032 /* ChatApp */,
				191F771A26F3BC7800A30032 /* Products */,
				F9755F7696F6F4079D02BDF4 /* Pods */,
				2B6694A7C5709C4B644FA5AD /* Frameworks */,
			);
			sourceTree = "<group>";
		};
		191F771A26F3BC7800A30032 /* Products */ = {
			isa = PBXGroup;
			children = (
				191F771926F3BC7800A30032 /* ChatApp.app */,
			);
			name = Products;
			sourceTree = "<group>";
		};
		191F771B26F3BC7800A30032 /* ChatApp */ = {
			isa = PBXGroup;
			children = (
				19E673FD2746349400B1369A /* ApplicationLayer */,
				1921EA722743959C00EA0B13 /* CoreLayer */,
				1921EA712743958B00EA0B13 /* ServiceLayer */,
				1921EA702743957200EA0B13 /* PresentationLayer  */,
				19E673FE274634C000B1369A /* Resources */,
				191F772A26F3BC7A00A30032 /* Info.plist */,
				199DC64B273274C9004893D0 /* GoogleService-Info.plist */,
				19DA7C94272D560E007B8570 /* Chat.xcdatamodeld */,
			);
			path = ChatApp;
			sourceTree = "<group>";
		};
		1921EA702743957200EA0B13 /* PresentationLayer  */ = {
			isa = PBXGroup;
			children = (
				191F772226F3BC7800A30032 /* Main.storyboard */,
				191F772726F3BC7A00A30032 /* LaunchScreen.storyboard */,
				1921EA862743F5AF00EA0B13 /* Channels */,
				1921EA8F27442DBA00EA0B13 /* Messages */,
				19E673F62744DD7300B1369A /* UserProfile */,
				19E673F92744DF2400B1369A /* Settings */,
				19E673FC2744E2E200B1369A /* Common */,
			);
			path = "PresentationLayer ";
			sourceTree = "<group>";
		};
		1921EA712743958B00EA0B13 /* ServiceLayer */ = {
			isa = PBXGroup;
			children = (
				1910AE9C27270576007F45A3 /* Accesses */,
				1921EA762743A74A00EA0B13 /* User Defaults */,
				1994C02626FFABE800E4F6B9 /* UserProfile.swift */,
				19380875271C021A001E3611 /* GCDManager.swift */,
				19380882271ED046001E3611 /* UserProfileImageManager.swift */,
				1938088527212F42001E3611 /* UserProfileManagerProtocol.swift */,
				1921EA772743AF7400EA0B13 /* UserProfileImageManagerProtocol.swift */,
				195144242714490800DDE4A1 /* ThemeSettings.swift */,
				1919D31D271407FB00C829F8 /* Theme.swift */,
				198AA0B9274A94A2009ABF58 /* NetworkImageService.swift */,
			);
			path = ServiceLayer;
			sourceTree = "<group>";
		};
		1921EA722743959C00EA0B13 /* CoreLayer */ = {
			isa = PBXGroup;
			children = (
				198AA0952747A784009ABF58 /* NetworkManager */,
				19DA7C93272D55E6007B8570 /* CoreData */,
			);
			path = CoreLayer;
			sourceTree = "<group>";
		};
		1921EA762743A74A00EA0B13 /* User Defaults */ = {
			isa = PBXGroup;
			children = (
				19514426271588FF00DDE4A1 /* ThemeManager.swift */,
			);
			path = "User Defaults";
			sourceTree = "<group>";
		};
		1921EA862743F5AF00EA0B13 /* Channels */ = {
			isa = PBXGroup;
			children = (
				1921EA8E27442CDF00EA0B13 /* Controller */,
				1921EA8D27442CDA00EA0B13 /* View */,
				1921EA8C27442CD500EA0B13 /* Model */,
			);
			path = Channels;
			sourceTree = "<group>";
		};
		1921EA8C27442CD500EA0B13 /* Model */ = {
			isa = PBXGroup;
			children = (
				1921EA822743EAE500EA0B13 /* ConversationTableView.swift */,
				1921EA872744144C00EA0B13 /* ChannelsManager.swift */,
				1951B361272592D900F01F2D /* ChannelModel.swift */,
			);
			path = Model;
			sourceTree = "<group>";
		};
		1921EA8D27442CDA00EA0B13 /* View */ = {
			isa = PBXGroup;
			children = (
				19E978F127086D540077D249 /* ConversationTableViewCell.xib */,
			);
			path = View;
			sourceTree = "<group>";
		};
		1921EA8E27442CDF00EA0B13 /* Controller */ = {
			isa = PBXGroup;
			children = (
				19E978EE270863100077D249 /* ConversationsListViewController.swift */,
			);
			path = Controller;
			sourceTree = "<group>";
		};
		1921EA8F27442DBA00EA0B13 /* Messages */ = {
			isa = PBXGroup;
			children = (
				19E673F22744DBFA00B1369A /* Controller */,
				19E673F12744DB8200B1369A /* View */,
				19E673F02744DB5A00B1369A /* Model */,
			);
			path = Messages;
			sourceTree = "<group>";
		};
		198AA0922747A286009ABF58 /* Model */ = {
			isa = PBXGroup;
			children = (
				198AA09A2747B28D009ABF58 /* ProfileImageCollectionViewCell.swift */,
				19E978FF270B0FD80077D249 /* UserProfileModel.swift */,
			);
			path = Model;
			sourceTree = "<group>";
		};
		198AA0952747A784009ABF58 /* NetworkManager */ = {
			isa = PBXGroup;
			children = (
				198AA0AF274A5657009ABF58 /* RequestFactory.swift */,
				198AA0A32748CB23009ABF58 /* ImageNetworkManager.swift */,
				198AA0B1274A56C4009ABF58 /* Parser.swift */,
				198AA0AD274A4847009ABF58 /* RequestConfig.swift */,
				198AA0B8274A9240009ABF58 /* ParseModel */,
				198AA0B7274A921F009ABF58 /* Protocols */,
			);
			path = NetworkManager;
			sourceTree = "<group>";
		};
		198AA09C2747BAA0009ABF58 /* Controller */ = {
			isa = PBXGroup;
			children = (
				198AA0962747A9C8009ABF58 /* ImageCollectionViewController.swift */,
				1994C02326FF4B7C00E4F6B9 /* ProfileViewController.swift */,
			);
			path = Controller;
			sourceTree = "<group>";
		};
		198AA09D2747BAA7009ABF58 /* View */ = {
			isa = PBXGroup;
			children = (
				198AA0982747AAF5009ABF58 /* ImageCollectionView.swift */,
			);
			path = View;
			sourceTree = "<group>";
		};
		198AA0B7274A921F009ABF58 /* Protocols */ = {
			isa = PBXGroup;
			children = (
				198AA0A12748C9FB009ABF58 /* RequestProtocol.swift */,
				198AA0AB274A4764009ABF58 /* RequestSenderProtocol.swift */,
				198AA0A7274A44C9009ABF58 /* ParserProtocol.swift */,
			);
			path = Protocols;
			sourceTree = "<group>";
		};
		198AA0B8274A9240009ABF58 /* ParseModel */ = {
			isa = PBXGroup;
			children = (
				198AA0BB274A9AE6009ABF58 /* ImageResponseModel.swift */,
			);
			path = ParseModel;
			sourceTree = "<group>";
		};
		19DA7C93272D55E6007B8570 /* CoreData */ = {
			isa = PBXGroup;
			children = (
				19DA7C9F272D57AA007B8570 /* DBChannel+CoreDataClass.swift */,
				19DA7CA0272D57AA007B8570 /* DBChannel+CoreDataProperties.swift */,
				19DA7CA1272D57AA007B8570 /* DBMessage+CoreDataClass.swift */,
				19DA7CA2272D57AA007B8570 /* DBMessage+CoreDataProperties.swift */,
				199DC64D2732D1C2004893D0 /* CoreDataManager.swift */,
				1921EA792743B94300EA0B13 /* ChannelCoreDataProtocol.swift */,
				1921EA7B2743BA8800EA0B13 /* MessageCoreDataProtocol.swift */,
			);
			path = CoreData;
			sourceTree = "<group>";
		};
		19E673F02744DB5A00B1369A /* Model */ = {
			isa = PBXGroup;
			children = (
				19E673F42744DC4900B1369A /* MessagesManager.swift */,
				19E978F027086D540077D249 /* ConversationTableViewCell.swift */,
				19E978FB2708E81E0077D249 /* MessageModel.swift */,
			);
			path = Model;
			sourceTree = "<group>";
		};
		19E673F12744DB8200B1369A /* View */ = {
			isa = PBXGroup;
			children = (
				19E97901270C35490077D249 /* MessageTableViewCell.swift */,
			);
			path = View;
			sourceTree = "<group>";
		};
		19E673F22744DBFA00B1369A /* Controller */ = {
			isa = PBXGroup;
			children = (
				19E978F427088C8F0077D249 /* ConversationViewController.swift */,
			);
			path = Controller;
			sourceTree = "<group>";
		};
		19E673F62744DD7300B1369A /* UserProfile */ = {
			isa = PBXGroup;
			children = (
				198AA09C2747BAA0009ABF58 /* Controller */,
				198AA09D2747BAA7009ABF58 /* View */,
				198AA0922747A286009ABF58 /* Model */,
			);
			path = UserProfile;
			sourceTree = "<group>";
		};
		19E673F92744DF2400B1369A /* Settings */ = {
			isa = PBXGroup;
			children = (
				1919D31F27140BA100C829F8 /* SettingsViewController.swift */,
			);
			path = Settings;
			sourceTree = "<group>";
		};
		19E673FC2744E2E200B1369A /* Common */ = {
			isa = PBXGroup;
			children = (
				19FE2D35275501DF003E04F6 /* Animations */,
				1921EA842743ECCF00EA0B13 /* FRCDelegate.swift */,
			);
			path = Common;
			sourceTree = "<group>";
		};
		19E673FD2746349400B1369A /* ApplicationLayer */ = {
			isa = PBXGroup;
			children = (
				191F771E26F3BC7800A30032 /* SceneDelegate.swift */,
				191F771C26F3BC7800A30032 /* AppDelegate.swift */,
			);
			path = ApplicationLayer;
			sourceTree = "<group>";
		};
		19E673FE274634C000B1369A /* Resources */ = {
			isa = PBXGroup;
			children = (
				191F772526F3BC7A00A30032 /* Assets.xcassets */,
			);
			path = Resources;
			sourceTree = "<group>";
		};
		19FE2D35275501DF003E04F6 /* Animations */ = {
			isa = PBXGroup;
			children = (
				1989E70D2753A9530028A7A5 /* ShakeAnimation.swift */,
				19FE2D36275501F9003E04F6 /* SegueAnimations.swift */,
				19FE2D38275655CD003E04F6 /* ParticleAnimation.swift */,
			);
			path = Animations;
			sourceTree = "<group>";
		};
		2B6694A7C5709C4B644FA5AD /* Frameworks */ = {
			isa = PBXGroup;
			children = (
				2A603D37C8D148624E07FA1D /* Pods_ChatApp.framework */,
			);
			name = Frameworks;
			sourceTree = "<group>";
		};
		F9755F7696F6F4079D02BDF4 /* Pods */ = {
			isa = PBXGroup;
			children = (
				BA5AC61ED8459E8DF6C568F3 /* Pods-ChatApp.debug.xcconfig */,
				2BAD0F33A7F8D0CF2F24DF4E /* Pods-ChatApp.release.xcconfig */,
			);
			path = Pods;
			sourceTree = "<group>";
		};
/* End PBXGroup section */

/* Begin PBXNativeTarget section */
		191F771826F3BC7800A30032 /* ChatApp */ = {
			isa = PBXNativeTarget;
			buildConfigurationList = 191F772D26F3BC7A00A30032 /* Build configuration list for PBXNativeTarget "ChatApp" */;
			buildPhases = (
				9151723DE92B430B0B251B6D /* [CP] Check Pods Manifest.lock */,
				1951B36027257D0F00F01F2D /* ShellScript */,
				191F771526F3BC7800A30032 /* Sources */,
				191F771626F3BC7800A30032 /* Frameworks */,
				191F771726F3BC7800A30032 /* Resources */,
				BEE55BB4CAACFBED4DB2F822 /* [CP] Embed Pods Frameworks */,
			);
			buildRules = (
			);
			dependencies = (
			);
			name = ChatApp;
			productName = ChatApp;
			productReference = 191F771926F3BC7800A30032 /* ChatApp.app */;
			productType = "com.apple.product-type.application";
		};
/* End PBXNativeTarget section */

/* Begin PBXProject section */
		191F771126F3BC7800A30032 /* Project object */ = {
			isa = PBXProject;
			attributes = {
				LastSwiftUpdateCheck = 1250;
				LastUpgradeCheck = 1250;
				TargetAttributes = {
					191F771826F3BC7800A30032 = {
						CreatedOnToolsVersion = 12.5.1;
						LastSwiftMigration = 1300;
					};
				};
			};
			buildConfigurationList = 191F771426F3BC7800A30032 /* Build configuration list for PBXProject "ChatApp" */;
			compatibilityVersion = "Xcode 9.3";
			developmentRegion = en;
			hasScannedForEncodings = 0;
			knownRegions = (
				en,
				Base,
			);
			mainGroup = 191F771026F3BC7800A30032;
			productRefGroup = 191F771A26F3BC7800A30032 /* Products */;
			projectDirPath = "";
			projectRoot = "";
			targets = (
				191F771826F3BC7800A30032 /* ChatApp */,
			);
		};
/* End PBXProject section */

/* Begin PBXResourcesBuildPhase section */
		191F771726F3BC7800A30032 /* Resources */ = {
			isa = PBXResourcesBuildPhase;
			buildActionMask = 2147483647;
			files = (
				19E978F327086D540077D249 /* ConversationTableViewCell.xib in Resources */,
				191F772926F3BC7A00A30032 /* LaunchScreen.storyboard in Resources */,
				199DC64C273274C9004893D0 /* GoogleService-Info.plist in Resources */,
				191F772626F3BC7A00A30032 /* Assets.xcassets in Resources */,
				191F772426F3BC7800A30032 /* Main.storyboard in Resources */,
			);
			runOnlyForDeploymentPostprocessing = 0;
		};
/* End PBXResourcesBuildPhase section */

/* Begin PBXShellScriptBuildPhase section */
		1951B36027257D0F00F01F2D /* ShellScript */ = {
			isa = PBXShellScriptBuildPhase;
			buildActionMask = 2147483647;
			files = (
			);
			inputFileListPaths = (
			);
			inputPaths = (
			);
			outputFileListPaths = (
			);
			outputPaths = (
			);
			runOnlyForDeploymentPostprocessing = 0;
			shellPath = /bin/sh;
			shellScript = "${PODS_ROOT}/SwiftLint/swiftlint\n";
		};
		9151723DE92B430B0B251B6D /* [CP] Check Pods Manifest.lock */ = {
			isa = PBXShellScriptBuildPhase;
			buildActionMask = 2147483647;
			files = (
			);
			inputFileListPaths = (
			);
			inputPaths = (
				"${PODS_PODFILE_DIR_PATH}/Podfile.lock",
				"${PODS_ROOT}/Manifest.lock",
			);
			name = "[CP] Check Pods Manifest.lock";
			outputFileListPaths = (
			);
			outputPaths = (
				"$(DERIVED_FILE_DIR)/Pods-ChatApp-checkManifestLockResult.txt",
			);
			runOnlyForDeploymentPostprocessing = 0;
			shellPath = /bin/sh;
			shellScript = "diff \"${PODS_PODFILE_DIR_PATH}/Podfile.lock\" \"${PODS_ROOT}/Manifest.lock\" > /dev/null\nif [ $? != 0 ] ; then\n    # print error to STDERR\n    echo \"error: The sandbox is not in sync with the Podfile.lock. Run 'pod install' or update your CocoaPods installation.\" >&2\n    exit 1\nfi\n# This output is used by Xcode 'outputs' to avoid re-running this script phase.\necho \"SUCCESS\" > \"${SCRIPT_OUTPUT_FILE_0}\"\n";
			showEnvVarsInLog = 0;
		};
		BEE55BB4CAACFBED4DB2F822 /* [CP] Embed Pods Frameworks */ = {
			isa = PBXShellScriptBuildPhase;
			buildActionMask = 2147483647;
			files = (
			);
			inputFileListPaths = (
				"${PODS_ROOT}/Target Support Files/Pods-ChatApp/Pods-ChatApp-frameworks-${CONFIGURATION}-input-files.xcfilelist",
			);
			name = "[CP] Embed Pods Frameworks";
			outputFileListPaths = (
				"${PODS_ROOT}/Target Support Files/Pods-ChatApp/Pods-ChatApp-frameworks-${CONFIGURATION}-output-files.xcfilelist",
			);
			runOnlyForDeploymentPostprocessing = 0;
			shellPath = /bin/sh;
			shellScript = "\"${PODS_ROOT}/Target Support Files/Pods-ChatApp/Pods-ChatApp-frameworks.sh\"\n";
			showEnvVarsInLog = 0;
		};
/* End PBXShellScriptBuildPhase section */

/* Begin PBXSourcesBuildPhase section */
		191F771526F3BC7800A30032 /* Sources */ = {
			isa = PBXSourcesBuildPhase;
			buildActionMask = 2147483647;
			files = (
				198AA0B0274A5657009ABF58 /* RequestFactory.swift in Sources */,
				1921EA832743EAE500EA0B13 /* ConversationTableView.swift in Sources */,
				1919D32027140BA100C829F8 /* SettingsViewController.swift in Sources */,
				198AA0AC274A4764009ABF58 /* RequestSenderProtocol.swift in Sources */,
				1938088627212F42001E3611 /* UserProfileManagerProtocol.swift in Sources */,
				19E673F52744DC4900B1369A /* MessagesManager.swift in Sources */,
				19E978F527088C8F0077D249 /* ConversationViewController.swift in Sources */,
				191F771D26F3BC7800A30032 /* AppDelegate.swift in Sources */,
				1919D31E271407FC00C829F8 /* Theme.swift in Sources */,
				19E978EF270863100077D249 /* ConversationsListViewController.swift in Sources */,
				19DA7C96272D560E007B8570 /* Chat.xcdatamodeld in Sources */,
				198AA0992747AAF5009ABF58 /* ImageCollectionView.swift in Sources */,
				19DA7CA5272D57AA007B8570 /* DBMessage+CoreDataClass.swift in Sources */,
				19E978F227086D540077D249 /* ConversationTableViewCell.swift in Sources */,
				19E97903270C35490077D249 /* MessageTableViewCell.swift in Sources */,
				19DA7CA3272D57AA007B8570 /* DBChannel+CoreDataClass.swift in Sources */,
				19514427271588FF00DDE4A1 /* ThemeManager.swift in Sources */,
				198AA0972747A9C8009ABF58 /* ImageCollectionViewController.swift in Sources */,
				19E978FC2708E81E0077D249 /* MessageModel.swift in Sources */,
				1921EA852743ECCF00EA0B13 /* FRCDelegate.swift in Sources */,
				198AA09B2747B28D009ABF58 /* ProfileImageCollectionViewCell.swift in Sources */,
				1994C02726FFABE800E4F6B9 /* UserProfile.swift in Sources */,
				1989E70E2753A9530028A7A5 /* ShakeAnimation.swift in Sources */,
				19FE2D39275655CD003E04F6 /* ParticleAnimation.swift in Sources */,
				1951B362272592D900F01F2D /* ChannelModel.swift in Sources */,
				1910AE9E272705BB007F45A3 /* UserSenederID.swift in Sources */,
				198AA0BA274A94A2009ABF58 /* NetworkImageService.swift in Sources */,
				195144252714490800DDE4A1 /* ThemeSettings.swift in Sources */,
				19FE2D37275501F9003E04F6 /* SegueAnimations.swift in Sources */,
				19DA7CA6272D57AA007B8570 /* DBMessage+CoreDataProperties.swift in Sources */,
				1921EA7A2743B94400EA0B13 /* ChannelCoreDataProtocol.swift in Sources */,
				19380883271ED046001E3611 /* UserProfileImageManager.swift in Sources */,
				198AA0942747A752009ABF58 /* PixabayApiAccesses.swift in Sources */,
				198AA0A22748C9FB009ABF58 /* RequestProtocol.swift in Sources */,
				198AA0B2274A56C4009ABF58 /* Parser.swift in Sources */,
				1921EA882744144C00EA0B13 /* ChannelsManager.swift in Sources */,
				199DC64E2732D1C2004893D0 /* CoreDataManager.swift in Sources */,
				198AA0A42748CB23009ABF58 /* ImageNetworkManager.swift in Sources */,
				198AA0BC274A9AE6009ABF58 /* ImageResponseModel.swift in Sources */,
				1921EA782743AF7400EA0B13 /* UserProfileImageManagerProtocol.swift in Sources */,
				1994C02426FF4B7C00E4F6B9 /* ProfileViewController.swift in Sources */,
				1921EA7C2743BA8800EA0B13 /* MessageCoreDataProtocol.swift in Sources */,
				19E97900270B0FD80077D249 /* UserProfileModel.swift in Sources */,
				19DA7CA4272D57AA007B8570 /* DBChannel+CoreDataProperties.swift in Sources */,
				191F771F26F3BC7800A30032 /* SceneDelegate.swift in Sources */,
				198AA0A8274A44C9009ABF58 /* ParserProtocol.swift in Sources */,
				198AA0AE274A4847009ABF58 /* RequestConfig.swift in Sources */,
				19380876271C021A001E3611 /* GCDManager.swift in Sources */,
			);
			runOnlyForDeploymentPostprocessing = 0;
		};
/* End PBXSourcesBuildPhase section */

/* Begin PBXVariantGroup section */
		191F772226F3BC7800A30032 /* Main.storyboard */ = {
			isa = PBXVariantGroup;
			children = (
				191F772326F3BC7800A30032 /* Base */,
			);
			name = Main.storyboard;
			sourceTree = "<group>";
		};
		191F772726F3BC7A00A30032 /* LaunchScreen.storyboard */ = {
			isa = PBXVariantGroup;
			children = (
				191F772826F3BC7A00A30032 /* Base */,
			);
			name = LaunchScreen.storyboard;
			sourceTree = "<group>";
		};
/* End PBXVariantGroup section */

/* Begin XCBuildConfiguration section */
		191F772B26F3BC7A00A30032 /* Debug */ = {
			isa = XCBuildConfiguration;
			buildSettings = {
				ALWAYS_SEARCH_USER_PATHS = NO;
				CLANG_ANALYZER_NONNULL = YES;
				CLANG_ANALYZER_NUMBER_OBJECT_CONVERSION = YES_AGGRESSIVE;
				CLANG_CXX_LANGUAGE_STANDARD = "gnu++14";
				CLANG_CXX_LIBRARY = "libc++";
				CLANG_ENABLE_MODULES = YES;
				CLANG_ENABLE_OBJC_ARC = NO;
				CLANG_ENABLE_OBJC_WEAK = YES;
				CLANG_WARN_BLOCK_CAPTURE_AUTORELEASING = YES;
				CLANG_WARN_BOOL_CONVERSION = YES;
				CLANG_WARN_COMMA = YES;
				CLANG_WARN_CONSTANT_CONVERSION = YES;
				CLANG_WARN_DEPRECATED_OBJC_IMPLEMENTATIONS = YES;
				CLANG_WARN_DIRECT_OBJC_ISA_USAGE = YES_ERROR;
				CLANG_WARN_DOCUMENTATION_COMMENTS = YES;
				CLANG_WARN_EMPTY_BODY = YES;
				CLANG_WARN_ENUM_CONVERSION = YES;
				CLANG_WARN_INFINITE_RECURSION = YES;
				CLANG_WARN_INT_CONVERSION = YES;
				CLANG_WARN_NON_LITERAL_NULL_CONVERSION = YES;
				CLANG_WARN_OBJC_IMPLICIT_RETAIN_SELF = YES;
				CLANG_WARN_OBJC_LITERAL_CONVERSION = YES;
				CLANG_WARN_OBJC_ROOT_CLASS = YES_ERROR;
				CLANG_WARN_QUOTED_INCLUDE_IN_FRAMEWORK_HEADER = YES;
				CLANG_WARN_RANGE_LOOP_ANALYSIS = YES;
				CLANG_WARN_STRICT_PROTOTYPES = YES;
				CLANG_WARN_SUSPICIOUS_MOVE = YES;
				CLANG_WARN_UNGUARDED_AVAILABILITY = YES_AGGRESSIVE;
				CLANG_WARN_UNREACHABLE_CODE = YES;
				CLANG_WARN__DUPLICATE_METHOD_MATCH = YES;
				COPY_PHASE_STRIP = NO;
				DEBUG_INFORMATION_FORMAT = dwarf;
				ENABLE_STRICT_OBJC_MSGSEND = YES;
				ENABLE_TESTABILITY = YES;
				GCC_C_LANGUAGE_STANDARD = gnu11;
				GCC_DYNAMIC_NO_PIC = NO;
				GCC_NO_COMMON_BLOCKS = YES;
				GCC_OPTIMIZATION_LEVEL = 0;
				GCC_PREPROCESSOR_DEFINITIONS = (
					"DEBUG=1",
					"$(inherited)",
				);
				GCC_WARN_64_TO_32_BIT_CONVERSION = YES;
				GCC_WARN_ABOUT_RETURN_TYPE = YES_ERROR;
				GCC_WARN_UNDECLARED_SELECTOR = YES;
				GCC_WARN_UNINITIALIZED_AUTOS = YES_AGGRESSIVE;
				GCC_WARN_UNUSED_FUNCTION = YES;
				GCC_WARN_UNUSED_VARIABLE = YES;
				IPHONEOS_DEPLOYMENT_TARGET = 12.0;
				MTL_ENABLE_DEBUG_INFO = INCLUDE_SOURCE;
				MTL_FAST_MATH = YES;
				ONLY_ACTIVE_ARCH = YES;
				SDKROOT = iphoneos;
				SWIFT_ACTIVE_COMPILATION_CONDITIONS = DEBUG;
				SWIFT_OPTIMIZATION_LEVEL = "-Onone";
			};
			name = Debug;
		};
		191F772C26F3BC7A00A30032 /* Release */ = {
			isa = XCBuildConfiguration;
			buildSettings = {
				ALWAYS_SEARCH_USER_PATHS = NO;
				CLANG_ANALYZER_NONNULL = YES;
				CLANG_ANALYZER_NUMBER_OBJECT_CONVERSION = YES_AGGRESSIVE;
				CLANG_CXX_LANGUAGE_STANDARD = "gnu++14";
				CLANG_CXX_LIBRARY = "libc++";
				CLANG_ENABLE_MODULES = YES;
				CLANG_ENABLE_OBJC_ARC = NO;
				CLANG_ENABLE_OBJC_WEAK = YES;
				CLANG_WARN_BLOCK_CAPTURE_AUTORELEASING = YES;
				CLANG_WARN_BOOL_CONVERSION = YES;
				CLANG_WARN_COMMA = YES;
				CLANG_WARN_CONSTANT_CONVERSION = YES;
				CLANG_WARN_DEPRECATED_OBJC_IMPLEMENTATIONS = YES;
				CLANG_WARN_DIRECT_OBJC_ISA_USAGE = YES_ERROR;
				CLANG_WARN_DOCUMENTATION_COMMENTS = YES;
				CLANG_WARN_EMPTY_BODY = YES;
				CLANG_WARN_ENUM_CONVERSION = YES;
				CLANG_WARN_INFINITE_RECURSION = YES;
				CLANG_WARN_INT_CONVERSION = YES;
				CLANG_WARN_NON_LITERAL_NULL_CONVERSION = YES;
				CLANG_WARN_OBJC_IMPLICIT_RETAIN_SELF = YES;
				CLANG_WARN_OBJC_LITERAL_CONVERSION = YES;
				CLANG_WARN_OBJC_ROOT_CLASS = YES_ERROR;
				CLANG_WARN_QUOTED_INCLUDE_IN_FRAMEWORK_HEADER = YES;
				CLANG_WARN_RANGE_LOOP_ANALYSIS = YES;
				CLANG_WARN_STRICT_PROTOTYPES = YES;
				CLANG_WARN_SUSPICIOUS_MOVE = YES;
				CLANG_WARN_UNGUARDED_AVAILABILITY = YES_AGGRESSIVE;
				CLANG_WARN_UNREACHABLE_CODE = YES;
				CLANG_WARN__DUPLICATE_METHOD_MATCH = YES;
				COPY_PHASE_STRIP = NO;
				DEBUG_INFORMATION_FORMAT = "dwarf-with-dsym";
				ENABLE_NS_ASSERTIONS = NO;
				ENABLE_STRICT_OBJC_MSGSEND = YES;
				GCC_C_LANGUAGE_STANDARD = gnu11;
				GCC_NO_COMMON_BLOCKS = YES;
				GCC_WARN_64_TO_32_BIT_CONVERSION = YES;
				GCC_WARN_ABOUT_RETURN_TYPE = YES_ERROR;
				GCC_WARN_UNDECLARED_SELECTOR = YES;
				GCC_WARN_UNINITIALIZED_AUTOS = YES_AGGRESSIVE;
				GCC_WARN_UNUSED_FUNCTION = YES;
				GCC_WARN_UNUSED_VARIABLE = YES;
				IPHONEOS_DEPLOYMENT_TARGET = 12.0;
				MTL_ENABLE_DEBUG_INFO = NO;
				MTL_FAST_MATH = YES;
				SDKROOT = iphoneos;
				SWIFT_COMPILATION_MODE = wholemodule;
				SWIFT_OPTIMIZATION_LEVEL = "-O";
				VALIDATE_PRODUCT = YES;
			};
			name = Release;
		};
		191F772E26F3BC7A00A30032 /* Debug */ = {
			isa = XCBuildConfiguration;
			baseConfigurationReference = BA5AC61ED8459E8DF6C568F3 /* Pods-ChatApp.debug.xcconfig */;
			buildSettings = {
				ASSETCATALOG_COMPILER_APPICON_NAME = AppIcon;
				ASSETCATALOG_COMPILER_GLOBAL_ACCENT_COLOR_NAME = AccentColor;
				CLANG_ENABLE_MODULES = YES;
				CODE_SIGN_STYLE = Automatic;
				DEVELOPMENT_TEAM = 8YBV46KYC9;
				INFOPLIST_FILE = ChatApp/Info.plist;
				IPHONEOS_DEPLOYMENT_TARGET = 12.0;
				LD_RUNPATH_SEARCH_PATHS = (
					"$(inherited)",
					"@executable_path/Frameworks",
				);
				PRODUCT_BUNDLE_IDENTIFIER = ru.tinkoff.TinkoffChat;
				PRODUCT_NAME = "$(TARGET_NAME)";
				SWIFT_OBJC_BRIDGING_HEADER = "";
				SWIFT_OPTIMIZATION_LEVEL = "-Onone";
				SWIFT_VERSION = 5.0;
				TARGETED_DEVICE_FAMILY = 1;
			};
			name = Debug;
		};
		191F772F26F3BC7A00A30032 /* Release */ = {
			isa = XCBuildConfiguration;
			baseConfigurationReference = 2BAD0F33A7F8D0CF2F24DF4E /* Pods-ChatApp.release.xcconfig */;
			buildSettings = {
				ASSETCATALOG_COMPILER_APPICON_NAME = AppIcon;
				ASSETCATALOG_COMPILER_GLOBAL_ACCENT_COLOR_NAME = AccentColor;
				CLANG_ENABLE_MODULES = YES;
				CODE_SIGN_STYLE = Automatic;
				DEVELOPMENT_TEAM = 8YBV46KYC9;
				INFOPLIST_FILE = ChatApp/Info.plist;
				IPHONEOS_DEPLOYMENT_TARGET = 12.0;
				LD_RUNPATH_SEARCH_PATHS = (
					"$(inherited)",
					"@executable_path/Frameworks",
				);
				PRODUCT_BUNDLE_IDENTIFIER = ru.tinkoff.TinkoffChat;
				PRODUCT_NAME = "$(TARGET_NAME)";
				SWIFT_OBJC_BRIDGING_HEADER = "";
				SWIFT_VERSION = 5.0;
				TARGETED_DEVICE_FAMILY = 1;
			};
			name = Release;
		};
/* End XCBuildConfiguration section */

/* Begin XCConfigurationList section */
		191F771426F3BC7800A30032 /* Build configuration list for PBXProject "ChatApp" */ = {
			isa = XCConfigurationList;
			buildConfigurations = (
				191F772B26F3BC7A00A30032 /* Debug */,
				191F772C26F3BC7A00A30032 /* Release */,
			);
			defaultConfigurationIsVisible = 0;
			defaultConfigurationName = Release;
		};
		191F772D26F3BC7A00A30032 /* Build configuration list for PBXNativeTarget "ChatApp" */ = {
			isa = XCConfigurationList;
			buildConfigurations = (
				191F772E26F3BC7A00A30032 /* Debug */,
				191F772F26F3BC7A00A30032 /* Release */,
			);
			defaultConfigurationIsVisible = 0;
			defaultConfigurationName = Release;
		};
/* End XCConfigurationList section */

/* Begin XCVersionGroup section */
		19DA7C94272D560E007B8570 /* Chat.xcdatamodeld */ = {
			isa = XCVersionGroup;
			children = (
				19DA7C95272D560E007B8570 /* Chat.xcdatamodel */,
			);
			currentVersion = 19DA7C95272D560E007B8570 /* Chat.xcdatamodel */;
			path = Chat.xcdatamodeld;
			sourceTree = "<group>";
			versionGroupType = wrapper.xcdatamodel;
		};
/* End XCVersionGroup section */
	};
	rootObject = 191F771126F3BC7800A30032 /* Project object */;
}
